
Microsoft Visual Studio Solution File, Format Version 12.00
# Visual Studio Version 16
VisualStudioVersion = 25.0.1700.7
MinimumVisualStudioVersion = 10.0.40219.1
Project("{FAE04EC0-301F-11D3-BF4B-00C04F79EFBC}") = "Modulo01.Android", "Modulo01\Modulo01.Android\Modulo01.Android.csproj", "{22D2E5B7-091D-447A-B123-CA967E3D41CF}"
EndProject
Project("{FAE04EC0-301F-11D3-BF4B-00C04F79EFBC}") = "Modulo01.iOS", "Modulo01\Modulo01.iOS\Modulo01.iOS.csproj", "{46192EE3-B5C2-41E8-81BD-0DCFE854F5E4}"
EndProject
Project("{FAE04EC0-301F-11D3-BF4B-00C04F79EFBC}") = "Modulo01", "Modulo01\Modulo01\Modulo01.csproj", "{B28E9D89-5909-4A22-8153-6F22E56B4F44}"
EndProject
Global
	GlobalSection(SolutionConfigurationPlatforms) = preSolution
		Debug|Any CPU = Debug|Any CPU
		Release|Any CPU = Release|Any CPU
		Debug|iPhoneSimulator = Debug|iPhoneSimulator
		Release|iPhoneSimulator = Release|iPhoneSimulator
		Debug|iPhone = Debug|iPhone
		Release|iPhone = Release|iPhone
	EndGlobalSection
	GlobalSection(ProjectConfigurationPlatforms) = postSolution
		{22D2E5B7-091D-447A-B123-CA967E3D41CF}.Debug|Any CPU.ActiveCfg = Debug|Any CPU
		{22D2E5B7-091D-447A-B123-CA967E3D41CF}.Debug|Any CPU.Build.0 = Debug|Any CPU
		{22D2E5B7-091D-447A-B123-CA967E3D41CF}.Release|Any CPU.ActiveCfg = Release|Any CPU
		{22D2E5B7-091D-447A-B123-CA967E3D41CF}.Release|Any CPU.Build.0 = Release|Any CPU
		{22D2E5B7-091D-447A-B123-CA967E3D41CF}.Debug|iPhoneSimulator.ActiveCfg = Debug|Any CPU
		{22D2E5B7-091D-447A-B123-CA967E3D41CF}.Debug|iPhoneSimulator.Build.0 = Debug|Any CPU
		{22D2E5B7-091D-447A-B123-CA967E3D41CF}.Release|iPhoneSimulator.ActiveCfg = Release|Any CPU
		{22D2E5B7-091D-447A-B123-CA967E3D41CF}.Release|iPhoneSimulator.Build.0 = Release|Any CPU
		{22D2E5B7-091D-447A-B123-CA967E3D41CF}.Debug|iPhone.ActiveCfg = Debug|Any CPU
		{22D2E5B7-091D-447A-B123-CA967E3D41CF}.Debug|iPhone.Build.0 = Debug|Any CPU
		{22D2E5B7-091D-447A-B123-CA967E3D41CF}.Release|iPhone.ActiveCfg = Release|Any CPU
		{22D2E5B7-091D-447A-B123-CA967E3D41CF}.Release|iPhone.Build.0 = Release|Any CPU
		{46192EE3-B5C2-41E8-81BD-0DCFE854F5E4}.Debug|Any CPU.ActiveCfg = Debug|iPhoneSimulator
		{46192EE3-B5C2-41E8-81BD-0DCFE854F5E4}.Debug|Any CPU.Build.0 = Debug|iPhoneSimulator
		{46192EE3-B5C2-41E8-81BD-0DCFE854F5E4}.Release|Any CPU.ActiveCfg = Release|iPhoneSimulator
		{46192EE3-B5C2-41E8-81BD-0DCFE854F5E4}.Release|Any CPU.Build.0 = Release|iPhoneSimulator
		{46192EE3-B5C2-41E8-81BD-0DCFE854F5E4}.Debug|iPhoneSimulator.ActiveCfg = Debug|iPhoneSimulator
		{46192EE3-B5C2-41E8-81BD-0DCFE854F5E4}.Debug|iPhoneSimulator.Build.0 = Debug|iPhoneSimulator
		{46192EE3-B5C2-41E8-81BD-0DCFE854F5E4}.Release|iPhoneSimulator.ActiveCfg = Release|iPhoneSimulator
		{46192EE3-B5C2-41E8-81BD-0DCFE854F5E4}.Release|iPhoneSimulator.Build.0 = Release|iPhoneSimulator
		{46192EE3-B5C2-41E8-81BD-0DCFE854F5E4}.Debug|iPhone.ActiveCfg = Debug|iPhone
		{46192EE3-B5C2-41E8-81BD-0DCFE854F5E4}.Debug|iPhone.Build.0 = Debug|iPhone
		{46192EE3-B5C2-41E8-81BD-0DCFE854F5E4}.Release|iPhone.ActiveCfg = Release|iPhone
		{46192EE3-B5C2-41E8-81BD-0DCFE854F5E4}.Release|iPhone.Build.0 = Release|iPhone
		{B28E9D89-5909-4A22-8153-6F22E56B4F44}.Debug|Any CPU.ActiveCfg = Debug|Any CPU
		{B28E9D89-5909-4A22-8153-6F22E56B4F44}.Debug|Any CPU.Build.0 = Debug|Any CPU
		{B28E9D89-5909-4A22-8153-6F22E56B4F44}.Release|Any CPU.ActiveCfg = Release|Any CPU
		{B28E9D89-5909-4A22-8153-6F22E56B4F44}.Release|Any CPU.Build.0 = Release|Any CPU
		{B28E9D89-5909-4A22-8153-6F22E56B4F44}.Debug|iPhoneSimulator.ActiveCfg = Debug|Any CPU
		{B28E9D89-5909-4A22-8153-6F22E56B4F44}.Debug|iPhoneSimulator.Build.0 = Debug|Any CPU
		{B28E9D89-5909-4A22-8153-6F22E56B4F44}.Release|iPhoneSimulator.ActiveCfg = Release|Any CPU
		{B28E9D89-5909-4A22-8153-6F22E56B4F44}.Release|iPhoneSimulator.Build.0 = Release|Any CPU
		{B28E9D89-5909-4A22-8153-6F22E56B4F44}.Debug|iPhone.ActiveCfg = Debug|Any CPU
		{B28E9D89-5909-4A22-8153-6F22E56B4F44}.Debug|iPhone.Build.0 = Debug|Any CPU
		{B28E9D89-5909-4A22-8153-6F22E56B4F44}.Release|iPhone.ActiveCfg = Release|Any CPU
		{B28E9D89-5909-4A22-8153-6F22E56B4F44}.Release|iPhone.Build.0 = Release|Any CPU
	EndGlobalSection
	GlobalSection(SolutionProperties) = preSolution
		HideSolutionNode = FALSE
	EndGlobalSection
	GlobalSection(ExtensibilityGlobals) = postSolution
		SolutionGuid = {EAB772F5-63D8-4022-8908-EF9F6AB538C3}
	EndGlobalSection
EndGlobal
